
Microsoft Visual Studio Solution File, Format Version 12.00
# Visual Studio Version 16
VisualStudioVersion = 16.0.29424.173
MinimumVisualStudioVersion = 10.0.40219.1
Project("{9A19103F-16F7-4668-BE54-9A1E7A4F7556}") = "NEATLibrary", "NEATLibrary.csproj", "{2104F5D1-8CF8-4F2B-A0A8-41C2FF9B6224}"
EndProject
Global
	GlobalSection(SolutionConfigurationPlatforms) = preSolution
		Debug|Any CPU = Debug|Any CPU
		Release|Any CPU = Release|Any CPU
	EndGlobalSection
	GlobalSection(ProjectConfigurationPlatforms) = postSolution
		{2104F5D1-8CF8-4F2B-A0A8-41C2FF9B6224}.Debug|Any CPU.ActiveCfg = Release|Any CPU
		{2104F5D1-8CF8-4F2B-A0A8-41C2FF9B6224}.Debug|Any CPU.Build.0 = Release|Any CPU
		{2104F5D1-8CF8-4F2B-A0A8-41C2FF9B6224}.Release|Any CPU.ActiveCfg = Release|Any CPU
		{2104F5D1-8CF8-4F2B-A0A8-41C2FF9B6224}.Release|Any CPU.Build.0 = Release|Any CPU
	EndGlobalSection
	GlobalSection(SolutionProperties) = preSolution
		HideSolutionNode = FALSE
	EndGlobalSection
	GlobalSection(ExtensibilityGlobals) = postSolution
		SolutionGuid = {71296224-579E-4BFB-93EE-70B7EEF154A1}
	EndGlobalSection
EndGlobal
